
Microsoft Visual Studio Solution File, Format Version 12.00
# Visual Studio Version 16
VisualStudioVersion = 16.0.30114.105
MinimumVisualStudioVersion = 10.0.40219.1
Project("{FAE04EC0-301F-11D3-BF4B-00C04F79EFBC}") = "SchemeGen2", "SchemeGen2\SchemeGen2.csproj", "{F7D9DB73-CEB4-423C-9CD8-948B8A30384A}"
EndProject
Project("{FAE04EC0-301F-11D3-BF4B-00C04F79EFBC}") = "SchemeGen2UI", "SchemeGen2UI\SchemeGen2UI.csproj", "{6F4015E5-2D25-4F02-B45F-8433C53C6226}"
	ProjectSection(ProjectDependencies) = postProject
		{F7D9DB73-CEB4-423C-9CD8-948B8A30384A} = {F7D9DB73-CEB4-423C-9CD8-948B8A30384A}
	EndProjectSection
EndProject
Global
	GlobalSection(SolutionConfigurationPlatforms) = preSolution
		Debug|Any CPU = Debug|Any CPU
		Release|Any CPU = Release|Any CPU
	EndGlobalSection
	GlobalSection(ProjectConfigurationPlatforms) = postSolution
		{F7D9DB73-CEB4-423C-9CD8-948B8A30384A}.Debug|Any CPU.ActiveCfg = Debug|Any CPU
		{F7D9DB73-CEB4-423C-9CD8-948B8A30384A}.Debug|Any CPU.Build.0 = Debug|Any CPU
		{F7D9DB73-CEB4-423C-9CD8-948B8A30384A}.Release|Any CPU.ActiveCfg = Release|Any CPU
		{F7D9DB73-CEB4-423C-9CD8-948B8A30384A}.Release|Any CPU.Build.0 = Release|Any CPU
		{6F4015E5-2D25-4F02-B45F-8433C53C6226}.Debug|Any CPU.ActiveCfg = Debug|Any CPU
		{6F4015E5-2D25-4F02-B45F-8433C53C6226}.Debug|Any CPU.Build.0 = Debug|Any CPU
		{6F4015E5-2D25-4F02-B45F-8433C53C6226}.Release|Any CPU.ActiveCfg = Release|Any CPU
		{6F4015E5-2D25-4F02-B45F-8433C53C6226}.Release|Any CPU.Build.0 = Release|Any CPU
	EndGlobalSection
	GlobalSection(SolutionProperties) = preSolution
		HideSolutionNode = FALSE
	EndGlobalSection
	GlobalSection(ExtensibilityGlobals) = postSolution
		SolutionGuid = {2B67B858-6524-4883-A49E-B3F4EA41B39B}
	EndGlobalSection
EndGlobal
